
Microsoft Visual Studio Solution File, Format Version 12.00
# Visual Studio Version 16
VisualStudioVersion = 16.0.30907.101
MinimumVisualStudioVersion = 10.0.40219.1
Project("{FAE04EC0-301F-11D3-BF4B-00C04F79EFBC}") = "bam2", "bam2\bam2.csproj", "{83EAD827-96C2-49A9-89F4-DB12D5A59DEE}"
EndProject
Global
	GlobalSection(SolutionConfigurationPlatforms) = preSolution
		Debug|Any CPU = Debug|Any CPU
		Release|Any CPU = Release|Any CPU
	EndGlobalSection
	GlobalSection(ProjectConfigurationPlatforms) = postSolution
		{83EAD827-96C2-49A9-89F4-DB12D5A59DEE}.Debug|Any CPU.ActiveCfg = Debug|Any CPU
		{83EAD827-96C2-49A9-89F4-DB12D5A59DEE}.Debug|Any CPU.Build.0 = Debug|Any CPU
		{83EAD827-96C2-49A9-89F4-DB12D5A59DEE}.Release|Any CPU.ActiveCfg = Release|Any CPU
		{83EAD827-96C2-49A9-89F4-DB12D5A59DEE}.Release|Any CPU.Build.0 = Release|Any CPU
	EndGlobalSection
	GlobalSection(SolutionProperties) = preSolution
		HideSolutionNode = FALSE
	EndGlobalSection
	GlobalSection(ExtensibilityGlobals) = postSolution
		SolutionGuid = {6E65F1AB-C123-4DE0-BC8F-36CE86A4E9CD}
	EndGlobalSection
EndGlobal
